
Microsoft Visual Studio Solution File, Format Version 12.00
# Visual Studio Version 17
VisualStudioVersion = 17.6.33815.320
MinimumVisualStudioVersion = 10.0.40219.1
Project("{FAE04EC0-301F-11D3-BF4B-00C04F79EFBC}") = "BinaryTree", "BinaryTree\BinaryTree.csproj", "{7C8FD0A4-B545-4CCA-B33E-F3055714EFE9}"
EndProject
Global
	GlobalSection(SolutionConfigurationPlatforms) = preSolution
		Debug|Any CPU = Debug|Any CPU
		Release|Any CPU = Release|Any CPU
	EndGlobalSection
	GlobalSection(ProjectConfigurationPlatforms) = postSolution
		{7C8FD0A4-B545-4CCA-B33E-F3055714EFE9}.Debug|Any CPU.ActiveCfg = Debug|Any CPU
		{7C8FD0A4-B545-4CCA-B33E-F3055714EFE9}.Debug|Any CPU.Build.0 = Debug|Any CPU
		{7C8FD0A4-B545-4CCA-B33E-F3055714EFE9}.Release|Any CPU.ActiveCfg = Release|Any CPU
		{7C8FD0A4-B545-4CCA-B33E-F3055714EFE9}.Release|Any CPU.Build.0 = Release|Any CPU
	EndGlobalSection
	GlobalSection(SolutionProperties) = preSolution
		HideSolutionNode = FALSE
	EndGlobalSection
	GlobalSection(ExtensibilityGlobals) = postSolution
		SolutionGuid = {2DB18988-0B19-485B-B357-F9A31B33ABDF}
	EndGlobalSection
EndGlobal
